// !$*UTF8*$!
{
	archiveVersion = 1;
	classes = {
	};
	objectVersion = 51;
	objects = {

/* Begin PBXBuildFile section */
		3514FE26231C10EB00656168 /* UIViewExt.swift in Sources */ = {isa = PBXBuildFile; fileRef = 3514FE25231C10EA00656168 /* UIViewExt.swift */; };
		35152EAF2315668B00B99C0A /* LoginVC.swift in Sources */ = {isa = PBXBuildFile; fileRef = 35152EAE2315668A00B99C0A /* LoginVC.swift */; };
		35152EB1231567F700B99C0A /* CreateUserVC.swift in Sources */ = {isa = PBXBuildFile; fileRef = 35152EB0231567F700B99C0A /* CreateUserVC.swift */; };
		3521FA9D231A532F00FDBD5B /* CommentsVC.swift in Sources */ = {isa = PBXBuildFile; fileRef = 3521FA9C231A532F00FDBD5B /* CommentsVC.swift */; };
		3521FA9F231A5C3D00FDBD5B /* CommentCell.swift in Sources */ = {isa = PBXBuildFile; fileRef = 3521FA9E231A5C3D00FDBD5B /* CommentCell.swift */; };
		3521FAA1231A65D200FDBD5B /* Comment.swift in Sources */ = {isa = PBXBuildFile; fileRef = 3521FAA0231A65D200FDBD5B /* Comment.swift */; };
		3571C35F2312608400074E26 /* AppDelegate.swift in Sources */ = {isa = PBXBuildFile; fileRef = 3571C35E2312608400074E26 /* AppDelegate.swift */; };
		3571C3612312608400074E26 /* MainVC.swift in Sources */ = {isa = PBXBuildFile; fileRef = 3571C3602312608400074E26 /* MainVC.swift */; };
		3571C3642312608400074E26 /* Main.storyboard in Resources */ = {isa = PBXBuildFile; fileRef = 3571C3622312608400074E26 /* Main.storyboard */; };
		3571C3662312608800074E26 /* Assets.xcassets in Resources */ = {isa = PBXBuildFile; fileRef = 3571C3652312608800074E26 /* Assets.xcassets */; };
		3571C3692312608800074E26 /* LaunchScreen.storyboard in Resources */ = {isa = PBXBuildFile; fileRef = 3571C3672312608800074E26 /* LaunchScreen.storyboard */; };
		3571C371231266E800074E26 /* GoogleService-Info.plist in Resources */ = {isa = PBXBuildFile; fileRef = 3571C370231266E800074E26 /* GoogleService-Info.plist */; };
		3571C3782312782700074E26 /* AddThoughtVC.swift in Sources */ = {isa = PBXBuildFile; fileRef = 3571C3772312782700074E26 /* AddThoughtVC.swift */; };
		3571C37A2312964900074E26 /* Constants.swift in Sources */ = {isa = PBXBuildFile; fileRef = 3571C3792312964900074E26 /* Constants.swift */; };
		35F4B7F72313CDE200AAA1AC /* ThoughtCell.swift in Sources */ = {isa = PBXBuildFile; fileRef = 35F4B7F62313CDE200AAA1AC /* ThoughtCell.swift */; };
		35F4B7F92313D1AF00AAA1AC /* Thought.swift in Sources */ = {isa = PBXBuildFile; fileRef = 35F4B7F82313D1AF00AAA1AC /* Thought.swift */; };
		35F4B7FC2313DEB000AAA1AC /* DataService.swift in Sources */ = {isa = PBXBuildFile; fileRef = 35F4B7FB2313DEB000AAA1AC /* DataService.swift */; };
		D5F3A8AF2044C5599882D316 /* Pods_RNDM.framework in Frameworks */ = {isa = PBXBuildFile; fileRef = BCB9DCCBF87B3FF09FD94E01 /* Pods_RNDM.framework */; };
/* End PBXBuildFile section */

/* Begin PBXFileReference section */
		3514FE25231C10EA00656168 /* UIViewExt.swift */ = {isa = PBXFileReference; fileEncoding = 4; lastKnownFileType = sourcecode.swift; name = UIViewExt.swift; path = "../../../../../../../Volumes/VMware Shared Folders/iosShared/UIViewExt.swift"; sourceTree = "<group>"; };
		35152EAE2315668A00B99C0A /* LoginVC.swift */ = {isa = PBXFileReference; lastKnownFileType = sourcecode.swift; path = LoginVC.swift; sourceTree = "<group>"; };
		35152EB0231567F700B99C0A /* CreateUserVC.swift */ = {isa = PBXFileReference; lastKnownFileType = sourcecode.swift; path = CreateUserVC.swift; sourceTree = "<group>"; };
		3521FA9C231A532F00FDBD5B /* CommentsVC.swift */ = {isa = PBXFileReference; lastKnownFileType = sourcecode.swift; path = CommentsVC.swift; sourceTree = "<group>"; };
		3521FA9E231A5C3D00FDBD5B /* CommentCell.swift */ = {isa = PBXFileReference; lastKnownFileType = sourcecode.swift; path = CommentCell.swift; sourceTree = "<group>"; };
		3521FAA0231A65D200FDBD5B /* Comment.swift */ = {isa = PBXFileReference; lastKnownFileType = sourcecode.swift; path = Comment.swift; sourceTree = "<group>"; };
		3571C35B2312608400074E26 /* RNDM.app */ = {isa = PBXFileReference; explicitFileType = wrapper.application; includeInIndex = 0; path = RNDM.app; sourceTree = BUILT_PRODUCTS_DIR; };
		3571C35E2312608400074E26 /* AppDelegate.swift */ = {isa = PBXFileReference; lastKnownFileType = sourcecode.swift; path = AppDelegate.swift; sourceTree = "<group>"; };
		3571C3602312608400074E26 /* MainVC.swift */ = {isa = PBXFileReference; lastKnownFileType = sourcecode.swift; path = MainVC.swift; sourceTree = "<group>"; };
		3571C3632312608400074E26 /* Base */ = {isa = PBXFileReference; lastKnownFileType = file.storyboard; name = Base; path = Base.lproj/Main.storyboard; sourceTree = "<group>"; };
		3571C3652312608800074E26 /* Assets.xcassets */ = {isa = PBXFileReference; lastKnownFileType = folder.assetcatalog; path = Assets.xcassets; sourceTree = "<group>"; };
		3571C3682312608800074E26 /* Base */ = {isa = PBXFileReference; lastKnownFileType = file.storyboard; name = Base; path = Base.lproj/LaunchScreen.storyboard; sourceTree = "<group>"; };
		3571C36A2312608800074E26 /* Info.plist */ = {isa = PBXFileReference; lastKnownFileType = text.plist.xml; path = Info.plist; sourceTree = "<group>"; };
		3571C370231266E800074E26 /* GoogleService-Info.plist */ = {isa = PBXFileReference; fileEncoding = 4; lastKnownFileType = text.plist.xml; path = "GoogleService-Info.plist"; sourceTree = "<group>"; };
		3571C3772312782700074E26 /* AddThoughtVC.swift */ = {isa = PBXFileReference; lastKnownFileType = sourcecode.swift; path = AddThoughtVC.swift; sourceTree = "<group>"; };
		3571C3792312964900074E26 /* Constants.swift */ = {isa = PBXFileReference; lastKnownFileType = sourcecode.swift; path = Constants.swift; sourceTree = "<group>"; };
		35F4B7F62313CDE200AAA1AC /* ThoughtCell.swift */ = {isa = PBXFileReference; lastKnownFileType = sourcecode.swift; path = ThoughtCell.swift; sourceTree = "<group>"; };
		35F4B7F82313D1AF00AAA1AC /* Thought.swift */ = {isa = PBXFileReference; fileEncoding = 4; lastKnownFileType = sourcecode.swift; path = Thought.swift; sourceTree = "<group>"; };
		35F4B7FB2313DEB000AAA1AC /* DataService.swift */ = {isa = PBXFileReference; lastKnownFileType = sourcecode.swift; path = DataService.swift; sourceTree = "<group>"; };
		578D42ED02E521596F710D60 /* Pods-RNDM.debug.xcconfig */ = {isa = PBXFileReference; includeInIndex = 1; lastKnownFileType = text.xcconfig; name = "Pods-RNDM.debug.xcconfig"; path = "Target Support Files/Pods-RNDM/Pods-RNDM.debug.xcconfig"; sourceTree = "<group>"; };
		A00E893EE10EDAD4AB4F2F40 /* Pods-RNDM.release.xcconfig */ = {isa = PBXFileReference; includeInIndex = 1; lastKnownFileType = text.xcconfig; name = "Pods-RNDM.release.xcconfig"; path = "Target Support Files/Pods-RNDM/Pods-RNDM.release.xcconfig"; sourceTree = "<group>"; };
		BCB9DCCBF87B3FF09FD94E01 /* Pods_RNDM.framework */ = {isa = PBXFileReference; explicitFileType = wrapper.framework; includeInIndex = 0; path = Pods_RNDM.framework; sourceTree = BUILT_PRODUCTS_DIR; };
/* End PBXFileReference section */

/* Begin PBXFrameworksBuildPhase section */
		3571C3582312608400074E26 /* Frameworks */ = {
			isa = PBXFrameworksBuildPhase;
			buildActionMask = 2147483647;
			files = (
				D5F3A8AF2044C5599882D316 /* Pods_RNDM.framework in Frameworks */,
			);
			runOnlyForDeploymentPostprocessing = 0;
		};
/* End PBXFrameworksBuildPhase section */

/* Begin PBXGroup section */
		3571C3522312608400074E26 = {
			isa = PBXGroup;
			children = (
				3571C35D2312608400074E26 /* RNDM */,
				3571C35C2312608400074E26 /* Products */,
				EE63AD61A71F449CF95AAAA2 /* Pods */,
				862AB9834E4176CFDB89B5B1 /* Frameworks */,
			);
			sourceTree = "<group>";
		};
		3571C35C2312608400074E26 /* Products */ = {
			isa = PBXGroup;
			children = (
				3571C35B2312608400074E26 /* RNDM.app */,
			);
			name = Products;
			sourceTree = "<group>";
		};
		3571C35D2312608400074E26 /* RNDM */ = {
			isa = PBXGroup;
			children = (
				35F4B7FA2313DE9600AAA1AC /* Services */,
				3571C37623126BE700074E26 /* Utilities */,
				3571C37523126BDC00074E26 /* Extensions */,
				3571C37423126BD300074E26 /* Modal */,
				3571C37323126BC800074E26 /* Views */,
				3571C37223126BB500074E26 /* Controllers */,
				3571C35E2312608400074E26 /* AppDelegate.swift */,
				3571C3622312608400074E26 /* Main.storyboard */,
				3571C3652312608800074E26 /* Assets.xcassets */,
				3571C3672312608800074E26 /* LaunchScreen.storyboard */,
				3571C36A2312608800074E26 /* Info.plist */,
				3571C370231266E800074E26 /* GoogleService-Info.plist */,
			);
			path = RNDM;
			sourceTree = "<group>";
		};
		3571C37223126BB500074E26 /* Controllers */ = {
			isa = PBXGroup;
			children = (
				3571C3602312608400074E26 /* MainVC.swift */,
				3571C3772312782700074E26 /* AddThoughtVC.swift */,
				35152EAE2315668A00B99C0A /* LoginVC.swift */,
				35152EB0231567F700B99C0A /* CreateUserVC.swift */,
				3521FA9C231A532F00FDBD5B /* CommentsVC.swift */,
			);
			path = Controllers;
			sourceTree = "<group>";
		};
		3571C37323126BC800074E26 /* Views */ = {
			isa = PBXGroup;
			children = (
				35F4B7F62313CDE200AAA1AC /* ThoughtCell.swift */,
				3521FA9E231A5C3D00FDBD5B /* CommentCell.swift */,
			);
			path = Views;
			sourceTree = "<group>";
		};
		3571C37423126BD300074E26 /* Modal */ = {
			isa = PBXGroup;
			children = (
				35F4B7F82313D1AF00AAA1AC /* Thought.swift */,
				3521FAA0231A65D200FDBD5B /* Comment.swift */,
			);
			path = Modal;
			sourceTree = "<group>";
		};
		3571C37523126BDC00074E26 /* Extensions */ = {
			isa = PBXGroup;
			children = (
				3514FE25231C10EA00656168 /* UIViewExt.swift */,
			);
			path = Extensions;
			sourceTree = "<group>";
		};
		3571C37623126BE700074E26 /* Utilities */ = {
			isa = PBXGroup;
			children = (
				3571C3792312964900074E26 /* Constants.swift */,
			);
			path = Utilities;
			sourceTree = "<group>";
		};
		35F4B7FA2313DE9600AAA1AC /* Services */ = {
			isa = PBXGroup;
			children = (
				35F4B7FB2313DEB000AAA1AC /* DataService.swift */,
			);
			path = Services;
			sourceTree = "<group>";
		};
		862AB9834E4176CFDB89B5B1 /* Frameworks */ = {
			isa = PBXGroup;
			children = (
				BCB9DCCBF87B3FF09FD94E01 /* Pods_RNDM.framework */,
			);
			name = Frameworks;
			sourceTree = "<group>";
		};
		EE63AD61A71F449CF95AAAA2 /* Pods */ = {
			isa = PBXGroup;
			children = (
				578D42ED02E521596F710D60 /* Pods-RNDM.debug.xcconfig */,
				A00E893EE10EDAD4AB4F2F40 /* Pods-RNDM.release.xcconfig */,
			);
			path = Pods;
			sourceTree = "<group>";
		};
/* End PBXGroup section */

/* Begin PBXNativeTarget section */
		3571C35A2312608400074E26 /* RNDM */ = {
			isa = PBXNativeTarget;
			buildConfigurationList = 3571C36D2312608800074E26 /* Build configuration list for PBXNativeTarget "RNDM" */;
			buildPhases = (
				B9D59A445D7E99422207AB9B /* [CP] Check Pods Manifest.lock */,
				3571C3572312608400074E26 /* Sources */,
				3571C3582312608400074E26 /* Frameworks */,
				3571C3592312608400074E26 /* Resources */,
				4066B4D2693AC70944C1FCCB /* [CP] Embed Pods Frameworks */,
			);
			buildRules = (
			);
			dependencies = (
			);
			name = RNDM;
			productName = RNDM;
			productReference = 3571C35B2312608400074E26 /* RNDM.app */;
			productType = "com.apple.product-type.application";
		};
/* End PBXNativeTarget section */

/* Begin PBXProject section */
		3571C3532312608400074E26 /* Project object */ = {
			isa = PBXProject;
			attributes = {
				LastSwiftUpdateCheck = 1020;
				LastUpgradeCheck = 1020;
				ORGANIZATIONNAME = "juger rash";
				TargetAttributes = {
					3571C35A2312608400074E26 = {
						CreatedOnToolsVersion = 10.2.1;
					};
				};
			};
			buildConfigurationList = 3571C3562312608400074E26 /* Build configuration list for PBXProject "RNDM" */;
			compatibilityVersion = "Xcode 9.3";
			developmentRegion = en;
			hasScannedForEncodings = 0;
			knownRegions = (
				en,
				Base,
			);
			mainGroup = 3571C3522312608400074E26;
			productRefGroup = 3571C35C2312608400074E26 /* Products */;
			projectDirPath = "";
			projectRoot = "";
			targets = (
				3571C35A2312608400074E26 /* RNDM */,
			);
		};
/* End PBXProject section */

/* Begin PBXResourcesBuildPhase section */
		3571C3592312608400074E26 /* Resources */ = {
			isa = PBXResourcesBuildPhase;
			buildActionMask = 2147483647;
			files = (
				3571C3692312608800074E26 /* LaunchScreen.storyboard in Resources */,
				3571C371231266E800074E26 /* GoogleService-Info.plist in Resources */,
				3571C3662312608800074E26 /* Assets.xcassets in Resources */,
				3571C3642312608400074E26 /* Main.storyboard in Resources */,
			);
			runOnlyForDeploymentPostprocessing = 0;
		};
/* End PBXResourcesBuildPhase section */

/* Begin PBXShellScriptBuildPhase section */
		4066B4D2693AC70944C1FCCB /* [CP] Embed Pods Frameworks */ = {
			isa = PBXShellScriptBuildPhase;
			buildActionMask = 2147483647;
			files = (
			);
			inputFileListPaths = (
				"${PODS_ROOT}/Target Support Files/Pods-RNDM/Pods-RNDM-frameworks-${CONFIGURATION}-input-files.xcfilelist",
			);
			name = "[CP] Embed Pods Frameworks";
			outputFileListPaths = (
				"${PODS_ROOT}/Target Support Files/Pods-RNDM/Pods-RNDM-frameworks-${CONFIGURATION}-output-files.xcfilelist",
			);
			runOnlyForDeploymentPostprocessing = 0;
			shellPath = /bin/sh;
			shellScript = "\"${PODS_ROOT}/Target Support Files/Pods-RNDM/Pods-RNDM-frameworks.sh\"\n";
			showEnvVarsInLog = 0;
		};
		B9D59A445D7E99422207AB9B /* [CP] Check Pods Manifest.lock */ = {
			isa = PBXShellScriptBuildPhase;
			buildActionMask = 2147483647;
			files = (
			);
			inputFileListPaths = (
			);
			inputPaths = (
				"${PODS_PODFILE_DIR_PATH}/Podfile.lock",
				"${PODS_ROOT}/Manifest.lock",
			);
			name = "[CP] Check Pods Manifest.lock";
			outputFileListPaths = (
			);
			outputPaths = (
				"$(DERIVED_FILE_DIR)/Pods-RNDM-checkManifestLockResult.txt",
			);
			runOnlyForDeploymentPostprocessing = 0;
			shellPath = /bin/sh;
			shellScript = "diff \"${PODS_PODFILE_DIR_PATH}/Podfile.lock\" \"${PODS_ROOT}/Manifest.lock\" > /dev/null\nif [ $? != 0 ] ; then\n    # print error to STDERR\n    echo \"error: The sandbox is not in sync with the Podfile.lock. Run 'pod install' or update your CocoaPods installation.\" >&2\n    exit 1\nfi\n# This output is used by Xcode 'outputs' to avoid re-running this script phase.\necho \"SUCCESS\" > \"${SCRIPT_OUTPUT_FILE_0}\"\n";
			showEnvVarsInLog = 0;
		};
/* End PBXShellScriptBuildPhase section */

/* Begin PBXSourcesBuildPhase section */
		3571C3572312608400074E26 /* Sources */ = {
			isa = PBXSourcesBuildPhase;
			buildActionMask = 2147483647;
			files = (
				3514FE26231C10EB00656168 /* UIViewExt.swift in Sources */,
				35F4B7F72313CDE200AAA1AC /* ThoughtCell.swift in Sources */,
				35F4B7FC2313DEB000AAA1AC /* DataService.swift in Sources */,
				35152EAF2315668B00B99C0A /* LoginVC.swift in Sources */,
				3521FA9F231A5C3D00FDBD5B /* CommentCell.swift in Sources */,
				3571C3782312782700074E26 /* AddThoughtVC.swift in Sources */,
				3521FA9D231A532F00FDBD5B /* CommentsVC.swift in Sources */,
				3571C3612312608400074E26 /* MainVC.swift in Sources */,
				3521FAA1231A65D200FDBD5B /* Comment.swift in Sources */,
				35F4B7F92313D1AF00AAA1AC /* Thought.swift in Sources */,
				35152EB1231567F700B99C0A /* CreateUserVC.swift in Sources */,
				3571C35F2312608400074E26 /* AppDelegate.swift in Sources */,
				3571C37A2312964900074E26 /* Constants.swift in Sources */,
			);
			runOnlyForDeploymentPostprocessing = 0;
		};
/* End PBXSourcesBuildPhase section */

/* Begin PBXVariantGroup section */
		3571C3622312608400074E26 /* Main.storyboard */ = {
			isa = PBXVariantGroup;
			children = (
				3571C3632312608400074E26 /* Base */,
			);
			name = Main.storyboard;
			sourceTree = "<group>";
		};
		3571C3672312608800074E26 /* LaunchScreen.storyboard */ = {
			isa = PBXVariantGroup;
			children = (
				3571C3682312608800074E26 /* Base */,
			);
			name = LaunchScreen.storyboard;
			sourceTree = "<group>";
		};
/* End PBXVariantGroup section */

/* Begin XCBuildConfiguration section */
		3571C36B2312608800074E26 /* Debug */ = {
			isa = XCBuildConfiguration;
			buildSettings = {
				ALWAYS_SEARCH_USER_PATHS = NO;
				CLANG_ANALYZER_NONNULL = YES;
				CLANG_ANALYZER_NUMBER_OBJECT_CONVERSION = YES_AGGRESSIVE;
				CLANG_CXX_LANGUAGE_STANDARD = "gnu++14";
				CLANG_CXX_LIBRARY = "libc++";
				CLANG_ENABLE_MODULES = YES;
				CLANG_ENABLE_OBJC_ARC = YES;
				CLANG_ENABLE_OBJC_WEAK = YES;
				CLANG_WARN_BLOCK_CAPTURE_AUTORELEASING = YES;
				CLANG_WARN_BOOL_CONVERSION = YES;
				CLANG_WARN_COMMA = YES;
				CLANG_WARN_CONSTANT_CONVERSION = YES;
				CLANG_WARN_DEPRECATED_OBJC_IMPLEMENTATIONS = YES;
				CLANG_WARN_DIRECT_OBJC_ISA_USAGE = YES_ERROR;
				CLANG_WARN_DOCUMENTATION_COMMENTS = YES;
				CLANG_WARN_EMPTY_BODY = YES;
				CLANG_WARN_ENUM_CONVERSION = YES;
				CLANG_WARN_INFINITE_RECURSION = YES;
				CLANG_WARN_INT_CONVERSION = YES;
				CLANG_WARN_NON_LITERAL_NULL_CONVERSION = YES;
				CLANG_WARN_OBJC_IMPLICIT_RETAIN_SELF = YES;
				CLANG_WARN_OBJC_LITERAL_CONVERSION = YES;
				CLANG_WARN_OBJC_ROOT_CLASS = YES_ERROR;
				CLANG_WARN_RANGE_LOOP_ANALYSIS = YES;
				CLANG_WARN_STRICT_PROTOTYPES = YES;
				CLANG_WARN_SUSPICIOUS_MOVE = YES;
				CLANG_WARN_UNGUARDED_AVAILABILITY = YES_AGGRESSIVE;
				CLANG_WARN_UNREACHABLE_CODE = YES;
				CLANG_WARN__DUPLICATE_METHOD_MATCH = YES;
				CODE_SIGN_IDENTITY = "iPhone Developer";
				COPY_PHASE_STRIP = NO;
				DEBUG_INFORMATION_FORMAT = dwarf;
				ENABLE_STRICT_OBJC_MSGSEND = YES;
				ENABLE_TESTABILITY = YES;
				GCC_C_LANGUAGE_STANDARD = gnu11;
				GCC_DYNAMIC_NO_PIC = NO;
				GCC_NO_COMMON_BLOCKS = YES;
				GCC_OPTIMIZATION_LEVEL = 0;
				GCC_PREPROCESSOR_DEFINITIONS = (
					"DEBUG=1",
					"$(inherited)",
				);
				GCC_WARN_64_TO_32_BIT_CONVERSION = YES;
				GCC_WARN_ABOUT_RETURN_TYPE = YES_ERROR;
				GCC_WARN_UNDECLARED_SELECTOR = YES;
				GCC_WARN_UNINITIALIZED_AUTOS = YES_AGGRESSIVE;
				GCC_WARN_UNUSED_FUNCTION = YES;
				GCC_WARN_UNUSED_VARIABLE = YES;
				IPHONEOS_DEPLOYMENT_TARGET = 12.2;
				MTL_ENABLE_DEBUG_INFO = INCLUDE_SOURCE;
				MTL_FAST_MATH = YES;
				ONLY_ACTIVE_ARCH = YES;
				SDKROOT = iphoneos;
				SWIFT_ACTIVE_COMPILATION_CONDITIONS = DEBUG;
				SWIFT_OPTIMIZATION_LEVEL = "-Onone";
			};
			name = Debug;
		};
		3571C36C2312608800074E26 /* Release */ = {
			isa = XCBuildConfiguration;
			buildSettings = {
				ALWAYS_SEARCH_USER_PATHS = NO;
				CLANG_ANALYZER_NONNULL = YES;
				CLANG_ANALYZER_NUMBER_OBJECT_CONVERSION = YES_AGGRESSIVE;
				CLANG_CXX_LANGUAGE_STANDARD = "gnu++14";
				CLANG_CXX_LIBRARY = "libc++";
				CLANG_ENABLE_MODULES = YES;
				CLANG_ENABLE_OBJC_ARC = YES;
				CLANG_ENABLE_OBJC_WEAK = YES;
				CLANG_WARN_BLOCK_CAPTURE_AUTORELEASING = YES;
				CLANG_WARN_BOOL_CONVERSION = YES;
				CLANG_WARN_COMMA = YES;
				CLANG_WARN_CONSTANT_CONVERSION = YES;
				CLANG_WARN_DEPRECATED_OBJC_IMPLEMENTATIONS = YES;
				CLANG_WARN_DIRECT_OBJC_ISA_USAGE = YES_ERROR;
				CLANG_WARN_DOCUMENTATION_COMMENTS = YES;
				CLANG_WARN_EMPTY_BODY = YES;
				CLANG_WARN_ENUM_CONVERSION = YES;
				CLANG_WARN_INFINITE_RECURSION = YES;
				CLANG_WARN_INT_CONVERSION = YES;
				CLANG_WARN_NON_LITERAL_NULL_CONVERSION = YES;
				CLANG_WARN_OBJC_IMPLICIT_RETAIN_SELF = YES;
				CLANG_WARN_OBJC_LITERAL_CONVERSION = YES;
				CLANG_WARN_OBJC_ROOT_CLASS = YES_ERROR;
				CLANG_WARN_RANGE_LOOP_ANALYSIS = YES;
				CLANG_WARN_STRICT_PROTOTYPES = YES;
				CLANG_WARN_SUSPICIOUS_MOVE = YES;
				CLANG_WARN_UNGUARDED_AVAILABILITY = YES_AGGRESSIVE;
				CLANG_WARN_UNREACHABLE_CODE = YES;
				CLANG_WARN__DUPLICATE_METHOD_MATCH = YES;
				CODE_SIGN_IDENTITY = "iPhone Developer";
				COPY_PHASE_STRIP = NO;
				DEBUG_INFORMATION_FORMAT = "dwarf-with-dsym";
				ENABLE_NS_ASSERTIONS = NO;
				ENABLE_STRICT_OBJC_MSGSEND = YES;
				GCC_C_LANGUAGE_STANDARD = gnu11;
				GCC_NO_COMMON_BLOCKS = YES;
				GCC_WARN_64_TO_32_BIT_CONVERSION = YES;
				GCC_WARN_ABOUT_RETURN_TYPE = YES_ERROR;
				GCC_WARN_UNDECLARED_SELECTOR = YES;
				GCC_WARN_UNINITIALIZED_AUTOS = YES_AGGRESSIVE;
				GCC_WARN_UNUSED_FUNCTION = YES;
				GCC_WARN_UNUSED_VARIABLE = YES;
				IPHONEOS_DEPLOYMENT_TARGET = 12.2;
				MTL_ENABLE_DEBUG_INFO = NO;
				MTL_FAST_MATH = YES;
				SDKROOT = iphoneos;
				SWIFT_COMPILATION_MODE = wholemodule;
				SWIFT_OPTIMIZATION_LEVEL = "-O";
				VALIDATE_PRODUCT = YES;
			};
			name = Release;
		};
		3571C36E2312608800074E26 /* Debug */ = {
			isa = XCBuildConfiguration;
			baseConfigurationReference = 578D42ED02E521596F710D60 /* Pods-RNDM.debug.xcconfig */;
			buildSettings = {
				ASSETCATALOG_COMPILER_APPICON_NAME = AppIcon;
				CODE_SIGN_STYLE = Automatic;
				DEVELOPMENT_TEAM = 9D9MQ4SU7F;
				INFOPLIST_FILE = RNDM/Info.plist;
				LD_RUNPATH_SEARCH_PATHS = (
					"$(inherited)",
					"@executable_path/Frameworks",
				);
				PRODUCT_BUNDLE_IDENTIFIER = com.juger.RNDM;
				PRODUCT_NAME = "$(TARGET_NAME)";
				SWIFT_VERSION = 5.0;
				TARGETED_DEVICE_FAMILY = 1;
			};
			name = Debug;
		};
		3571C36F2312608800074E26 /* Release */ = {
			isa = XCBuildConfiguration;
			baseConfigurationReference = A00E893EE10EDAD4AB4F2F40 /* Pods-RNDM.release.xcconfig */;
			buildSettings = {
				ASSETCATALOG_COMPILER_APPICON_NAME = AppIcon;
				CODE_SIGN_STYLE = Automatic;
				DEVELOPMENT_TEAM = 9D9MQ4SU7F;
				INFOPLIST_FILE = RNDM/Info.plist;
				LD_RUNPATH_SEARCH_PATHS = (
					"$(inherited)",
					"@executable_path/Frameworks",
				);
				PRODUCT_BUNDLE_IDENTIFIER = com.juger.RNDM;
				PRODUCT_NAME = "$(TARGET_NAME)";
				SWIFT_VERSION = 5.0;
				TARGETED_DEVICE_FAMILY = 1;
			};
			name = Release;
		};
/* End XCBuildConfiguration section */

/* Begin XCConfigurationList section */
		3571C3562312608400074E26 /* Build configuration list for PBXProject "RNDM" */ = {
			isa = XCConfigurationList;
			buildConfigurations = (
				3571C36B2312608800074E26 /* Debug */,
				3571C36C2312608800074E26 /* Release */,
			);
			defaultConfigurationIsVisible = 0;
			defaultConfigurationName = Release;
		};
		3571C36D2312608800074E26 /* Build configuration list for PBXNativeTarget "RNDM" */ = {
			isa = XCConfigurationList;
			buildConfigurations = (
				3571C36E2312608800074E26 /* Debug */,
				3571C36F2312608800074E26 /* Release */,
			);
			defaultConfigurationIsVisible = 0;
			defaultConfigurationName = Release;
		};
/* End XCConfigurationList section */
	};
	rootObject = 3571C3532312608400074E26 /* Project object */;
}
